
Microsoft Visual Studio Solution File, Format Version 12.00
# Visual Studio Version 17
VisualStudioVersion = 17.10.35013.160
MinimumVisualStudioVersion = 10.0.40219.1
Project("{FAE04EC0-301F-11D3-BF4B-00C04F79EFBC}") = "HomeInterestCalculator", "HomeInterestCalculator\HomeInterestCalculator.csproj", "{7D89762A-3CB2-439E-822A-E91EF0AA9CD8}"
EndProject
Global
	GlobalSection(SolutionConfigurationPlatforms) = preSolution
		Debug|Any CPU = Debug|Any CPU
		Release|Any CPU = Release|Any CPU
	EndGlobalSection
	GlobalSection(ProjectConfigurationPlatforms) = postSolution
		{7D89762A-3CB2-439E-822A-E91EF0AA9CD8}.Debug|Any CPU.ActiveCfg = Debug|Any CPU
		{7D89762A-3CB2-439E-822A-E91EF0AA9CD8}.Debug|Any CPU.Build.0 = Debug|Any CPU
		{7D89762A-3CB2-439E-822A-E91EF0AA9CD8}.Release|Any CPU.ActiveCfg = Release|Any CPU
		{7D89762A-3CB2-439E-822A-E91EF0AA9CD8}.Release|Any CPU.Build.0 = Release|Any CPU
	EndGlobalSection
	GlobalSection(SolutionProperties) = preSolution
		HideSolutionNode = FALSE
	EndGlobalSection
	GlobalSection(ExtensibilityGlobals) = postSolution
		SolutionGuid = {C99155C8-0149-409B-A8FB-016941D42C01}
	EndGlobalSection
EndGlobal
